<?xml version="1.0" encoding="utf-8"?>
<Project ToolsVersion="4.0" xmlns="http://schemas.microsoft.com/developer/msbuild/2003">
  <ItemGroup>
    <Filter Include="Ezzoo">
      <UniqueIdentifier>{DC96240D-48AB-4CBE-112D-F01D7D0049EF}</UniqueIdentifier>
    </Filter>
    <Filter Include="Ezzoo\Events">
      <UniqueIdentifier>{407368C3-2CD6-F767-D55B-301EC19DC3EA}</UniqueIdentifier>
    </Filter>
    <Filter Include="Ezzoo\IamGui">
      <UniqueIdentifier>{67D044CB-5333-D46F-FCB8-0C26E8FA9FF2}</UniqueIdentifier>
    </Filter>
    <Filter Include="Platform">
      <UniqueIdentifier>{2AC788B4-1694-E3BF-3FAD-D1672BD9184E}</UniqueIdentifier>
    </Filter>
  </ItemGroup>
  <ItemGroup>
    <ClInclude Include="src\Ezzoo.h" />
    <ClInclude Include="src\Ezzoo\Application.h">
      <Filter>Ezzoo</Filter>
    </ClInclude>
    <ClInclude Include="src\Ezzoo\Core.h">
      <Filter>Ezzoo</Filter>
    </ClInclude>
    <ClInclude Include="src\Ezzoo\EntryPoint.h">
      <Filter>Ezzoo</Filter>
    </ClInclude>
    <ClInclude Include="src\Ezzoo\Events\Event.h">
      <Filter>Ezzoo\Events</Filter>
    </ClInclude>
    <ClInclude Include="src\Ezzoo\Events\KeyEvent.h">
      <Filter>Ezzoo\Events</Filter>
    </ClInclude>
    <ClInclude Include="src\Ezzoo\Events\MouseEvent.h">
      <Filter>Ezzoo\Events</Filter>
    </ClInclude>
    <ClInclude Include="src\Ezzoo\Events\WindowEvent.h">
      <Filter>Ezzoo\Events</Filter>
    </ClInclude>
    <ClInclude Include="src\Ezzoo\IamGui\ImGuiLayer.h">
      <Filter>Ezzoo\IamGui</Filter>
    </ClInclude>
    <ClInclude Include="src\Ezzoo\Log.h">
      <Filter>Ezzoo</Filter>
    </ClInclude>
    <ClInclude Include="src\Input.h" />
    <ClInclude Include="src\Layer.h" />
    <ClInclude Include="src\LayerStack.h" />
    <ClInclude Include="src\Platform\WindowsWindow.h">
      <Filter>Platform</Filter>
    </ClInclude>
    <ClInclude Include="src\Window.h" />
    <ClInclude Include="src\ezpch.h" />
  </ItemGroup>
  <ItemGroup>
    <ClCompile Include="src\Ezzoo\Application.cpp">
      <Filter>Ezzoo</Filter>
    </ClCompile>
    <ClCompile Include="src\Ezzoo\IamGui\ImGuiLayer.cpp">
      <Filter>Ezzoo\IamGui</Filter>
    </ClCompile>
    <ClCompile Include="src\Ezzoo\Log.cpp">
      <Filter>Ezzoo</Filter>
    </ClCompile>
    <ClCompile Include="src\Layer.cpp" />
    <ClCompile Include="src\LayerStack.cpp" />
    <ClCompile Include="src\Platform\WindowsWindow.cpp">
      <Filter>Platform</Filter>
    </ClCompile>
    <ClCompile Include="src\WindowsInput.cpp" />
    <ClCompile Include="src\ezpch.cpp" />
  </ItemGroup>
</Project>